<Solution>
  <Folder Name="/tests/">
    <Project Path="tests/GoVoylo.Application.UnitTests/GoVoylo.Application.UnitTests.csproj" />
    <Project Path="tests/GoVoylo.Domain.UnitTests/GoVoylo.Domain.UnitTests.csproj" />
  </Folder>
  <Project Path="GoVoylo.Api/GoVoylo.Api.csproj" />
  <Project Path="GoVoylo.Application/GoVoylo.Application.csproj" />
  <Project Path="GoVoylo.Domain/GoVoylo.Domain.csproj" />
  <Project Path="GoVoylo.Infrastructure/GoVoylo.Infrastructure.csproj" />
</Solution>
